
Microsoft Visual Studio Solution File, Format Version 12.00
# Visual Studio 2013
VisualStudioVersion = 12.0.30501.0
MinimumVisualStudioVersion = 10.0.40219.1
Project("{FAE04EC0-301F-11D3-BF4B-00C04F79EFBC}") = "common.main", "common.main\common.main.csproj", "{1A16BF77-560B-4FD9-B32D-CAD076636B36}"
EndProject
Project("{2150E333-8FDC-42A3-9474-1A3956D46DE8}") = "common.service", "common.service", "{5F349FEB-DE82-4EA6-B78B-CD82A6378A2E}"
EndProject
Project("{FAE04EC0-301F-11D3-BF4B-00C04F79EFBC}") = "common.service1", "common.service1\common.service1.csproj", "{051F4ED6-F534-4B39-8068-D3C6F2629FA1}"
EndProject
Project("{FAE04EC0-301F-11D3-BF4B-00C04F79EFBC}") = "common.service.client.mainapp", "common.service.client.mainapp\common.service.client.mainapp.csproj", "{A8423614-E5E2-4F6A-9060-78D36D15EC25}"
EndProject
Project("{FAE04EC0-301F-11D3-BF4B-00C04F79EFBC}") = "common.service.downloadclient", "common.service.downloadclient\common.service.downloadclient.csproj", "{F8362978-C1DA-487C-B420-76EE4A15B136}"
EndProject
Project("{FAE04EC0-301F-11D3-BF4B-00C04F79EFBC}") = "common.FileStreamUpDownService", "common.FileStreamUpDownService\common.FileStreamUpDownService.csproj", "{3D5A37CB-ADB5-47AA-8DE8-86DEAF2BB413}"
EndProject
Project("{2150E333-8FDC-42A3-9474-1A3956D46DE8}") = "common.spring", "common.spring", "{E205FBC5-841D-4F8D-8676-B09B43499D3F}"
EndProject
Project("{FAE04EC0-301F-11D3-BF4B-00C04F79EFBC}") = "common.spring.mainapp", "common.spring.mainapp\common.spring.mainapp.csproj", "{0D7F6A03-75B3-41DC-A144-AFCD3F8EEEA2}"
EndProject
Project("{FAE04EC0-301F-11D3-BF4B-00C04F79EFBC}") = "common.ICommon", "common.ICommon\common.ICommon.csproj", "{72CD7672-CF50-4122-B7BB-21A5D315390A}"
EndProject
Project("{FAE04EC0-301F-11D3-BF4B-00C04F79EFBC}") = "HelloGenerator", "HelloGenerator\HelloGenerator.csproj", "{5423A464-FC68-4374-99C8-23C9DFCD01B6}"
EndProject
Project("{FAE04EC0-301F-11D3-BF4B-00C04F79EFBC}") = "SayHello", "SayHello\SayHello.csproj", "{9DE2B1B4-D53E-400D-93AE-2B805B0B2F64}"
EndProject
Project("{2150E333-8FDC-42A3-9474-1A3956D46DE8}") = "quartz.spring", "quartz.spring", "{71DD2268-B583-4029-AEEE-95D50BBB5AE5}"
EndProject
Project("{FAE04EC0-301F-11D3-BF4B-00C04F79EFBC}") = "mainapp", "mainapp\mainapp.csproj", "{5215EE18-B949-4DCA-AD34-110AAE9EB795}"
EndProject
Project("{2150E333-8FDC-42A3-9474-1A3956D46DE8}") = "wcf.spring", "wcf.spring", "{E49F0BB0-3F7B-4435-AC76-873ADBC4495C}"
EndProject
Project("{FAE04EC0-301F-11D3-BF4B-00C04F79EFBC}") = "IContract", "IContract\IContract.csproj", "{6AFBC9C8-07AA-4BC0-B765-1E000AA0B68F}"
EndProject
Project("{FAE04EC0-301F-11D3-BF4B-00C04F79EFBC}") = "WcfService", "WcfService\WcfService.csproj", "{AA18A868-64DB-4DA7-BEFB-D3AF6214078E}"
EndProject
Project("{FAE04EC0-301F-11D3-BF4B-00C04F79EFBC}") = "AppHost", "AppHost\AppHost.csproj", "{82F54235-2D0C-4105-82C9-D91034831A8A}"
EndProject
Project("{FAE04EC0-301F-11D3-BF4B-00C04F79EFBC}") = "AppClient", "AppClient\AppClient.csproj", "{70FFD5A5-A0DB-4849-867F-85E7CE6F1485}"
EndProject
Project("{FAE04EC0-301F-11D3-BF4B-00C04F79EFBC}") = "WcfService1", "WcfService1\WcfService1.csproj", "{AF5A4498-F6F1-4252-9215-D8A41853B2E8}"
EndProject
Project("{2150E333-8FDC-42A3-9474-1A3956D46DE8}") = "common.tool", "common.tool", "{B5655ECB-54BD-4F2C-973A-6FBBA3BD2A8A}"
EndProject
Project("{2150E333-8FDC-42A3-9474-1A3956D46DE8}") = "common.tool.MssqlTool", "common.tool.MssqlTool", "{EC1C0D57-0CA4-46F3-A485-CEBF321464B4}"
EndProject
Project("{FAE04EC0-301F-11D3-BF4B-00C04F79EFBC}") = "common.tool.MssqlTool", "common.tool.MssqlTool\common.tool.MssqlTool.csproj", "{AEC4D6AA-9F80-491D-8176-82D005CDE09D}"
EndProject
Global
	GlobalSection(SolutionConfigurationPlatforms) = preSolution
		Debug|Any CPU = Debug|Any CPU
		Release|Any CPU = Release|Any CPU
	EndGlobalSection
	GlobalSection(ProjectConfigurationPlatforms) = postSolution
		{1A16BF77-560B-4FD9-B32D-CAD076636B36}.Debug|Any CPU.ActiveCfg = Debug|Any CPU
		{1A16BF77-560B-4FD9-B32D-CAD076636B36}.Debug|Any CPU.Build.0 = Debug|Any CPU
		{1A16BF77-560B-4FD9-B32D-CAD076636B36}.Release|Any CPU.ActiveCfg = Release|Any CPU
		{1A16BF77-560B-4FD9-B32D-CAD076636B36}.Release|Any CPU.Build.0 = Release|Any CPU
		{051F4ED6-F534-4B39-8068-D3C6F2629FA1}.Debug|Any CPU.ActiveCfg = Debug|Any CPU
		{051F4ED6-F534-4B39-8068-D3C6F2629FA1}.Debug|Any CPU.Build.0 = Debug|Any CPU
		{051F4ED6-F534-4B39-8068-D3C6F2629FA1}.Release|Any CPU.ActiveCfg = Release|Any CPU
		{051F4ED6-F534-4B39-8068-D3C6F2629FA1}.Release|Any CPU.Build.0 = Release|Any CPU
		{A8423614-E5E2-4F6A-9060-78D36D15EC25}.Debug|Any CPU.ActiveCfg = Debug|Any CPU
		{A8423614-E5E2-4F6A-9060-78D36D15EC25}.Debug|Any CPU.Build.0 = Debug|Any CPU
		{A8423614-E5E2-4F6A-9060-78D36D15EC25}.Release|Any CPU.ActiveCfg = Release|Any CPU
		{A8423614-E5E2-4F6A-9060-78D36D15EC25}.Release|Any CPU.Build.0 = Release|Any CPU
		{F8362978-C1DA-487C-B420-76EE4A15B136}.Debug|Any CPU.ActiveCfg = Debug|Any CPU
		{F8362978-C1DA-487C-B420-76EE4A15B136}.Debug|Any CPU.Build.0 = Debug|Any CPU
		{F8362978-C1DA-487C-B420-76EE4A15B136}.Release|Any CPU.ActiveCfg = Release|Any CPU
		{F8362978-C1DA-487C-B420-76EE4A15B136}.Release|Any CPU.Build.0 = Release|Any CPU
		{3D5A37CB-ADB5-47AA-8DE8-86DEAF2BB413}.Debug|Any CPU.ActiveCfg = Debug|Any CPU
		{3D5A37CB-ADB5-47AA-8DE8-86DEAF2BB413}.Debug|Any CPU.Build.0 = Debug|Any CPU
		{3D5A37CB-ADB5-47AA-8DE8-86DEAF2BB413}.Release|Any CPU.ActiveCfg = Release|Any CPU
		{3D5A37CB-ADB5-47AA-8DE8-86DEAF2BB413}.Release|Any CPU.Build.0 = Release|Any CPU
		{0D7F6A03-75B3-41DC-A144-AFCD3F8EEEA2}.Debug|Any CPU.ActiveCfg = Debug|Any CPU
		{0D7F6A03-75B3-41DC-A144-AFCD3F8EEEA2}.Debug|Any CPU.Build.0 = Debug|Any CPU
		{0D7F6A03-75B3-41DC-A144-AFCD3F8EEEA2}.Release|Any CPU.ActiveCfg = Release|Any CPU
		{0D7F6A03-75B3-41DC-A144-AFCD3F8EEEA2}.Release|Any CPU.Build.0 = Release|Any CPU
		{72CD7672-CF50-4122-B7BB-21A5D315390A}.Debug|Any CPU.ActiveCfg = Debug|Any CPU
		{72CD7672-CF50-4122-B7BB-21A5D315390A}.Debug|Any CPU.Build.0 = Debug|Any CPU
		{72CD7672-CF50-4122-B7BB-21A5D315390A}.Release|Any CPU.ActiveCfg = Release|Any CPU
		{72CD7672-CF50-4122-B7BB-21A5D315390A}.Release|Any CPU.Build.0 = Release|Any CPU
		{5423A464-FC68-4374-99C8-23C9DFCD01B6}.Debug|Any CPU.ActiveCfg = Debug|Any CPU
		{5423A464-FC68-4374-99C8-23C9DFCD01B6}.Debug|Any CPU.Build.0 = Debug|Any CPU
		{5423A464-FC68-4374-99C8-23C9DFCD01B6}.Release|Any CPU.ActiveCfg = Release|Any CPU
		{5423A464-FC68-4374-99C8-23C9DFCD01B6}.Release|Any CPU.Build.0 = Release|Any CPU
		{9DE2B1B4-D53E-400D-93AE-2B805B0B2F64}.Debug|Any CPU.ActiveCfg = Debug|Any CPU
		{9DE2B1B4-D53E-400D-93AE-2B805B0B2F64}.Debug|Any CPU.Build.0 = Debug|Any CPU
		{9DE2B1B4-D53E-400D-93AE-2B805B0B2F64}.Release|Any CPU.ActiveCfg = Release|Any CPU
		{9DE2B1B4-D53E-400D-93AE-2B805B0B2F64}.Release|Any CPU.Build.0 = Release|Any CPU
		{5215EE18-B949-4DCA-AD34-110AAE9EB795}.Debug|Any CPU.ActiveCfg = Debug|Any CPU
		{5215EE18-B949-4DCA-AD34-110AAE9EB795}.Debug|Any CPU.Build.0 = Debug|Any CPU
		{5215EE18-B949-4DCA-AD34-110AAE9EB795}.Release|Any CPU.ActiveCfg = Release|Any CPU
		{5215EE18-B949-4DCA-AD34-110AAE9EB795}.Release|Any CPU.Build.0 = Release|Any CPU
		{6AFBC9C8-07AA-4BC0-B765-1E000AA0B68F}.Debug|Any CPU.ActiveCfg = Debug|Any CPU
		{6AFBC9C8-07AA-4BC0-B765-1E000AA0B68F}.Debug|Any CPU.Build.0 = Debug|Any CPU
		{6AFBC9C8-07AA-4BC0-B765-1E000AA0B68F}.Release|Any CPU.ActiveCfg = Release|Any CPU
		{6AFBC9C8-07AA-4BC0-B765-1E000AA0B68F}.Release|Any CPU.Build.0 = Release|Any CPU
		{AA18A868-64DB-4DA7-BEFB-D3AF6214078E}.Debug|Any CPU.ActiveCfg = Debug|Any CPU
		{AA18A868-64DB-4DA7-BEFB-D3AF6214078E}.Debug|Any CPU.Build.0 = Debug|Any CPU
		{AA18A868-64DB-4DA7-BEFB-D3AF6214078E}.Release|Any CPU.ActiveCfg = Release|Any CPU
		{AA18A868-64DB-4DA7-BEFB-D3AF6214078E}.Release|Any CPU.Build.0 = Release|Any CPU
		{82F54235-2D0C-4105-82C9-D91034831A8A}.Debug|Any CPU.ActiveCfg = Debug|Any CPU
		{82F54235-2D0C-4105-82C9-D91034831A8A}.Debug|Any CPU.Build.0 = Debug|Any CPU
		{82F54235-2D0C-4105-82C9-D91034831A8A}.Release|Any CPU.ActiveCfg = Release|Any CPU
		{82F54235-2D0C-4105-82C9-D91034831A8A}.Release|Any CPU.Build.0 = Release|Any CPU
		{70FFD5A5-A0DB-4849-867F-85E7CE6F1485}.Debug|Any CPU.ActiveCfg = Debug|Any CPU
		{70FFD5A5-A0DB-4849-867F-85E7CE6F1485}.Debug|Any CPU.Build.0 = Debug|Any CPU
		{70FFD5A5-A0DB-4849-867F-85E7CE6F1485}.Release|Any CPU.ActiveCfg = Release|Any CPU
		{70FFD5A5-A0DB-4849-867F-85E7CE6F1485}.Release|Any CPU.Build.0 = Release|Any CPU
		{AF5A4498-F6F1-4252-9215-D8A41853B2E8}.Debug|Any CPU.ActiveCfg = Debug|Any CPU
		{AF5A4498-F6F1-4252-9215-D8A41853B2E8}.Debug|Any CPU.Build.0 = Debug|Any CPU
		{AF5A4498-F6F1-4252-9215-D8A41853B2E8}.Release|Any CPU.ActiveCfg = Release|Any CPU
		{AF5A4498-F6F1-4252-9215-D8A41853B2E8}.Release|Any CPU.Build.0 = Release|Any CPU
		{AEC4D6AA-9F80-491D-8176-82D005CDE09D}.Debug|Any CPU.ActiveCfg = Debug|Any CPU
		{AEC4D6AA-9F80-491D-8176-82D005CDE09D}.Debug|Any CPU.Build.0 = Debug|Any CPU
		{AEC4D6AA-9F80-491D-8176-82D005CDE09D}.Release|Any CPU.ActiveCfg = Release|Any CPU
		{AEC4D6AA-9F80-491D-8176-82D005CDE09D}.Release|Any CPU.Build.0 = Release|Any CPU
	EndGlobalSection
	GlobalSection(SolutionProperties) = preSolution
		HideSolutionNode = FALSE
	EndGlobalSection
	GlobalSection(NestedProjects) = preSolution
		{051F4ED6-F534-4B39-8068-D3C6F2629FA1} = {5F349FEB-DE82-4EA6-B78B-CD82A6378A2E}
		{A8423614-E5E2-4F6A-9060-78D36D15EC25} = {5F349FEB-DE82-4EA6-B78B-CD82A6378A2E}
		{F8362978-C1DA-487C-B420-76EE4A15B136} = {5F349FEB-DE82-4EA6-B78B-CD82A6378A2E}
		{3D5A37CB-ADB5-47AA-8DE8-86DEAF2BB413} = {5F349FEB-DE82-4EA6-B78B-CD82A6378A2E}
		{0D7F6A03-75B3-41DC-A144-AFCD3F8EEEA2} = {E205FBC5-841D-4F8D-8676-B09B43499D3F}
		{72CD7672-CF50-4122-B7BB-21A5D315390A} = {E205FBC5-841D-4F8D-8676-B09B43499D3F}
		{5423A464-FC68-4374-99C8-23C9DFCD01B6} = {E205FBC5-841D-4F8D-8676-B09B43499D3F}
		{9DE2B1B4-D53E-400D-93AE-2B805B0B2F64} = {E205FBC5-841D-4F8D-8676-B09B43499D3F}
		{5215EE18-B949-4DCA-AD34-110AAE9EB795} = {71DD2268-B583-4029-AEEE-95D50BBB5AE5}
		{6AFBC9C8-07AA-4BC0-B765-1E000AA0B68F} = {E49F0BB0-3F7B-4435-AC76-873ADBC4495C}
		{AA18A868-64DB-4DA7-BEFB-D3AF6214078E} = {E49F0BB0-3F7B-4435-AC76-873ADBC4495C}
		{82F54235-2D0C-4105-82C9-D91034831A8A} = {E49F0BB0-3F7B-4435-AC76-873ADBC4495C}
		{70FFD5A5-A0DB-4849-867F-85E7CE6F1485} = {E49F0BB0-3F7B-4435-AC76-873ADBC4495C}
		{AF5A4498-F6F1-4252-9215-D8A41853B2E8} = {E49F0BB0-3F7B-4435-AC76-873ADBC4495C}
		{EC1C0D57-0CA4-46F3-A485-CEBF321464B4} = {B5655ECB-54BD-4F2C-973A-6FBBA3BD2A8A}
		{AEC4D6AA-9F80-491D-8176-82D005CDE09D} = {EC1C0D57-0CA4-46F3-A485-CEBF321464B4}
	EndGlobalSection
EndGlobal
